
Microsoft Visual Studio Solution File, Format Version 12.00
# Visual Studio 15
VisualStudioVersion = 15.0.26124.0
MinimumVisualStudioVersion = 15.0.26124.0
Project("{2150E333-8FDC-42A3-9474-1A3956D46DE8}") = "src", "src", "{22A01B88-376D-4554-8935-FCDD2E469EA7}"
EndProject
Project("{FAE04EC0-301F-11D3-BF4B-00C04F79EFBC}") = "SimpleAPI", "src\SimpleAPI\SimpleAPI.csproj", "{DB7083FE-F5FD-4F09-9F6D-AC1E9C3B0E1F}"
EndProject
Project("{2150E333-8FDC-42A3-9474-1A3956D46DE8}") = "test", "test", "{13B41C2B-BCEE-47D3-9855-4F768DAC5C4F}"
EndProject
Project("{FAE04EC0-301F-11D3-BF4B-00C04F79EFBC}") = "SimpleAPI.Tests", "test\SimpleAPI.Tests\SimpleAPI.Tests.csproj", "{A74C63A1-BB12-449A-9BA7-2738486D9060}"
EndProject
Global
	GlobalSection(SolutionConfigurationPlatforms) = preSolution
		Debug|Any CPU = Debug|Any CPU
		Debug|x64 = Debug|x64
		Debug|x86 = Debug|x86
		Release|Any CPU = Release|Any CPU
		Release|x64 = Release|x64
		Release|x86 = Release|x86
	EndGlobalSection
	GlobalSection(SolutionProperties) = preSolution
		HideSolutionNode = FALSE
	EndGlobalSection
	GlobalSection(ProjectConfigurationPlatforms) = postSolution
		{DB7083FE-F5FD-4F09-9F6D-AC1E9C3B0E1F}.Debug|Any CPU.ActiveCfg = Debug|Any CPU
		{DB7083FE-F5FD-4F09-9F6D-AC1E9C3B0E1F}.Debug|Any CPU.Build.0 = Debug|Any CPU
		{DB7083FE-F5FD-4F09-9F6D-AC1E9C3B0E1F}.Debug|x64.ActiveCfg = Debug|Any CPU
		{DB7083FE-F5FD-4F09-9F6D-AC1E9C3B0E1F}.Debug|x64.Build.0 = Debug|Any CPU
		{DB7083FE-F5FD-4F09-9F6D-AC1E9C3B0E1F}.Debug|x86.ActiveCfg = Debug|Any CPU
		{DB7083FE-F5FD-4F09-9F6D-AC1E9C3B0E1F}.Debug|x86.Build.0 = Debug|Any CPU
		{DB7083FE-F5FD-4F09-9F6D-AC1E9C3B0E1F}.Release|Any CPU.ActiveCfg = Release|Any CPU
		{DB7083FE-F5FD-4F09-9F6D-AC1E9C3B0E1F}.Release|Any CPU.Build.0 = Release|Any CPU
		{DB7083FE-F5FD-4F09-9F6D-AC1E9C3B0E1F}.Release|x64.ActiveCfg = Release|Any CPU
		{DB7083FE-F5FD-4F09-9F6D-AC1E9C3B0E1F}.Release|x64.Build.0 = Release|Any CPU
		{DB7083FE-F5FD-4F09-9F6D-AC1E9C3B0E1F}.Release|x86.ActiveCfg = Release|Any CPU
		{DB7083FE-F5FD-4F09-9F6D-AC1E9C3B0E1F}.Release|x86.Build.0 = Release|Any CPU
		{A74C63A1-BB12-449A-9BA7-2738486D9060}.Debug|Any CPU.ActiveCfg = Debug|Any CPU
		{A74C63A1-BB12-449A-9BA7-2738486D9060}.Debug|Any CPU.Build.0 = Debug|Any CPU
		{A74C63A1-BB12-449A-9BA7-2738486D9060}.Debug|x64.ActiveCfg = Debug|Any CPU
		{A74C63A1-BB12-449A-9BA7-2738486D9060}.Debug|x64.Build.0 = Debug|Any CPU
		{A74C63A1-BB12-449A-9BA7-2738486D9060}.Debug|x86.ActiveCfg = Debug|Any CPU
		{A74C63A1-BB12-449A-9BA7-2738486D9060}.Debug|x86.Build.0 = Debug|Any CPU
		{A74C63A1-BB12-449A-9BA7-2738486D9060}.Release|Any CPU.ActiveCfg = Release|Any CPU
		{A74C63A1-BB12-449A-9BA7-2738486D9060}.Release|Any CPU.Build.0 = Release|Any CPU
		{A74C63A1-BB12-449A-9BA7-2738486D9060}.Release|x64.ActiveCfg = Release|Any CPU
		{A74C63A1-BB12-449A-9BA7-2738486D9060}.Release|x64.Build.0 = Release|Any CPU
		{A74C63A1-BB12-449A-9BA7-2738486D9060}.Release|x86.ActiveCfg = Release|Any CPU
		{A74C63A1-BB12-449A-9BA7-2738486D9060}.Release|x86.Build.0 = Release|Any CPU
	EndGlobalSection
	GlobalSection(NestedProjects) = preSolution
		{DB7083FE-F5FD-4F09-9F6D-AC1E9C3B0E1F} = {22A01B88-376D-4554-8935-FCDD2E469EA7}
		{A74C63A1-BB12-449A-9BA7-2738486D9060} = {13B41C2B-BCEE-47D3-9855-4F768DAC5C4F}
	EndGlobalSection
EndGlobal
